
Microsoft Visual Studio Solution File, Format Version 12.00
# Visual Studio Version 17
VisualStudioVersion = 17.5.33530.505
MinimumVisualStudioVersion = 10.0.40219.1
Project("{FAE04EC0-301F-11D3-BF4B-00C04F79EFBC}") = "CollectionQueue", "CollectionQueue\CollectionQueue.csproj", "{6DE34B13-66AF-4A1E-9F0C-7A009D4123D4}"
EndProject
Project("{FAE04EC0-301F-11D3-BF4B-00C04F79EFBC}") = "TestProjectQueue", "TestProjectQueue\TestProjectQueue.csproj", "{756B9F6B-A9DF-43D7-8C5A-AF37149EB6B2}"
EndProject
Global
	GlobalSection(SolutionConfigurationPlatforms) = preSolution
		Debug|Any CPU = Debug|Any CPU
		Release|Any CPU = Release|Any CPU
	EndGlobalSection
	GlobalSection(ProjectConfigurationPlatforms) = postSolution
		{6DE34B13-66AF-4A1E-9F0C-7A009D4123D4}.Debug|Any CPU.ActiveCfg = Debug|Any CPU
		{6DE34B13-66AF-4A1E-9F0C-7A009D4123D4}.Debug|Any CPU.Build.0 = Debug|Any CPU
		{6DE34B13-66AF-4A1E-9F0C-7A009D4123D4}.Release|Any CPU.ActiveCfg = Release|Any CPU
		{6DE34B13-66AF-4A1E-9F0C-7A009D4123D4}.Release|Any CPU.Build.0 = Release|Any CPU
		{756B9F6B-A9DF-43D7-8C5A-AF37149EB6B2}.Debug|Any CPU.ActiveCfg = Debug|Any CPU
		{756B9F6B-A9DF-43D7-8C5A-AF37149EB6B2}.Debug|Any CPU.Build.0 = Debug|Any CPU
		{756B9F6B-A9DF-43D7-8C5A-AF37149EB6B2}.Release|Any CPU.ActiveCfg = Release|Any CPU
		{756B9F6B-A9DF-43D7-8C5A-AF37149EB6B2}.Release|Any CPU.Build.0 = Release|Any CPU
	EndGlobalSection
	GlobalSection(SolutionProperties) = preSolution
		HideSolutionNode = FALSE
	EndGlobalSection
	GlobalSection(ExtensibilityGlobals) = postSolution
		SolutionGuid = {DDD35D85-9529-4DBA-9292-B60263C2A4FF}
	EndGlobalSection
EndGlobal
